<?xml version="1.0" encoding="UTF-8" standalone="yes" ?>
<CodeBlocks_project_file>
	<FileVersion major="1" minor="6" />
	<Project>
		<Option title="openmp_cpp_project" />
		<Option pch_mode="2" />
		<Option compiler="mpi_-_gnu_gcc_compiler" />
		<Build>
			<Target title="Debug">
				<Option output="bin/Debug/openmp_cpp_project" prefix_auto="1" extension_auto="1" />
				<Option object_output="obj/Debug/" />
				<Option type="1" />
				<Option compiler="mpi_-_gnu_gcc_compiler" />
				<Compiler>
					<Add option="-fopenmp" />
				</Compiler>
				<Linker>
					<Add library="gomp" />
				</Linker>
			</Target>
			<Target title="Release">
				<Option output="bin/Release/openmp_cpp_project" prefix_auto="1" extension_auto="1" />
				<Option object_output="obj/Release/" />
				<Option type="1" />
				<Option compiler="mpi_-_gnu_gcc_compiler" />
				<Compiler>
					<Add option="-O2" />
					<Add option="-fopenmp" />
				</Compiler>
				<Linker>
					<Add option="-s" />
				</Linker>
			</Target>
		</Build>
		<Compiler>
			<Add option="-Wall" />
			<Add option="-fexceptions" />
		</Compiler>
		<Unit filename="main.cpp" />
		<Extensions>
			<code_completion />
			<debugger />
		</Extensions>
	</Project>
</CodeBlocks_project_file>
